
Microsoft Visual Studio Solution File, Format Version 12.00
# Visual Studio Version 16
VisualStudioVersion = 16.0.31702.278
MinimumVisualStudioVersion = 10.0.40219.1
Project("{FAE04EC0-301F-11D3-BF4B-00C04F79EFBC}") = "Shapes Calculater", "Shapes Calculater\Shapes Calculater.csproj", "{4D152C3A-0871-4214-BD69-BB89E77ECD23}"
EndProject
Global
	GlobalSection(SolutionConfigurationPlatforms) = preSolution
		Debug|Any CPU = Debug|Any CPU
		Release|Any CPU = Release|Any CPU
	EndGlobalSection
	GlobalSection(ProjectConfigurationPlatforms) = postSolution
		{4D152C3A-0871-4214-BD69-BB89E77ECD23}.Debug|Any CPU.ActiveCfg = Debug|Any CPU
		{4D152C3A-0871-4214-BD69-BB89E77ECD23}.Debug|Any CPU.Build.0 = Debug|Any CPU
		{4D152C3A-0871-4214-BD69-BB89E77ECD23}.Release|Any CPU.ActiveCfg = Release|Any CPU
		{4D152C3A-0871-4214-BD69-BB89E77ECD23}.Release|Any CPU.Build.0 = Release|Any CPU
	EndGlobalSection
	GlobalSection(SolutionProperties) = preSolution
		HideSolutionNode = FALSE
	EndGlobalSection
	GlobalSection(ExtensibilityGlobals) = postSolution
		SolutionGuid = {C5A471D3-DEE2-44E5-B777-E9476E7D3A46}
	EndGlobalSection
EndGlobal
